PODS:
  - BoringSSL (10.0.2):
    - BoringSSL/Implementation (= 10.0.2)
    - BoringSSL/Interface (= 10.0.2)
  - BoringSSL/Implementation (10.0.2):
    - BoringSSL/Interface (= 10.0.2)
  - BoringSSL/Interface (10.0.2)
  - Firebase (4.9.0):
    - Firebase/Core (= 4.9.0)
  - Firebase/Core (4.9.0):
    - FirebaseAnalytics (= 4.0.9)
    - FirebaseCore (= 4.0.15)
  - Firebase/Firestore (4.9.0):
    - Firebase/Core
    - FirebaseFirestore (= 0.10.1)
  - FirebaseAnalytics (4.0.9):
    - FirebaseCore (~> 4.0)
    - FirebaseInstanceID (~> 2.0)
    - "GoogleToolboxForMac/NSData+zlib (~> 2.1)"
    - nanopb (~> 0.3)
  - FirebaseCore (4.0.15):
    - "GoogleToolboxForMac/NSData+zlib (~> 2.1)"
  - FirebaseFirestore (0.10.1):
    - FirebaseAnalytics (~> 4.0)
    - FirebaseCore (~> 4.0)
    - gRPC-ProtoRPC (~> 1.0)
    - leveldb-library (~> 1.18)
    - Protobuf (~> 3.1)
  - FirebaseInstanceID (2.0.10):
    - FirebaseCore (~> 4.0)
  - FirebaseQueryExecutor (0.1.0):
    - Firebase (= 4.9.0)
    - Firebase/Firestore (= 4.9.0)
    - RxSwift (= 4.0)
    - SwiftyJSON (= 4.0)
  - GoogleToolboxForMac/Defines (2.1.4)
  - "GoogleToolboxForMac/NSData+zlib (2.1.4)":
    - GoogleToolboxForMac/Defines (= 2.1.4)
  - gRPC (1.11.0):
    - gRPC-RxLibrary (= 1.11.0)
    - gRPC/Main (= 1.11.0)
  - gRPC-Core (1.11.0):
    - gRPC-Core/Implementation (= 1.11.0)
    - gRPC-Core/Interface (= 1.11.0)
  - gRPC-Core/Implementation (1.11.0):
    - BoringSSL (~> 10.0)
    - gRPC-Core/Interface (= 1.11.0)
    - nanopb (~> 0.3)
  - gRPC-Core/Interface (1.11.0)
  - gRPC-ProtoRPC (1.11.0):
    - gRPC (= 1.11.0)
    - gRPC-RxLibrary (= 1.11.0)
    - Protobuf (~> 3.0)
  - gRPC-RxLibrary (1.11.0)
  - gRPC/Main (1.11.0):
    - gRPC-Core (= 1.11.0)
    - gRPC-RxLibrary (= 1.11.0)
  - leveldb-library (1.20)
  - nanopb (0.3.8):
    - nanopb/decode (= 0.3.8)
    - nanopb/encode (= 0.3.8)
  - nanopb/decode (0.3.8)
  - nanopb/encode (0.3.8)
  - Protobuf (3.5.0)
  - RxSwift (4.0.0)
  - SwiftyJSON (4.0.0)

DEPENDENCIES:
  - FirebaseQueryExecutor (from `../`)

SPEC REPOS:
  https://github.com/CocoaPods/Specs.git:
    - BoringSSL
    - Firebase
    - FirebaseAnalytics
    - FirebaseCore
    - FirebaseFirestore
    - FirebaseInstanceID
    - GoogleToolboxForMac
    - gRPC
    - gRPC-Core
    - gRPC-ProtoRPC
    - gRPC-RxLibrary
    - leveldb-library
    - nanopb
    - Protobuf
    - RxSwift
    - SwiftyJSON

EXTERNAL SOURCES:
  FirebaseQueryExecutor:
    :path: "../"

SPEC CHECKSUMS:
  BoringSSL: 60dd24df4af296bf41d78e5841dbb95d75f88c0d
  Firebase: 632216af3ed7f31e3be34776947fdc7546cfb572
  FirebaseAnalytics: 388b630c15713f5dbf364071f5f3d6077fb52f4e
  FirebaseCore: 3bd047463058fa6b5d312c97502c52e45401cdfb
  FirebaseFirestore: a6db7a47c6a47d26069892d7db39f7792f2f7f9a
  FirebaseInstanceID: 8d20d890d65c917f9f7d9950b6e10a760ad34321
  FirebaseQueryExecutor: a3ca94b1947e5140305ababf6432c5940612f5b7
  GoogleToolboxForMac: 91c824d21e85b31c2aae9bb011c5027c9b4e738f
  gRPC: 70703dc9ba31c72341fc7f37745cc1c379edee96
  gRPC-Core: 164639cd8ae18ca8b65477fafb2efbaecf4f181a
  gRPC-ProtoRPC: bb5fddf3424aa4fad74d76736578a79fe40e244e
  gRPC-RxLibrary: 26d53d1b1f306befd4ad4e15bd6de27839a82481
  leveldb-library: 08cba283675b7ed2d99629a4bc5fd052cd2bb6a5
  nanopb: 5601e6bca2dbf1ed831b519092ec110f66982ca3
  Protobuf: 8a9838fba8dae3389230e1b7f8c104aa32389c03
  RxSwift: fd680d75283beb5e2559486f3c0ff852f0d35334
  SwiftyJSON: 070dabdcb1beb81b247c65ffa3a79dbbfb3b48aa

PODFILE CHECKSUM: 7410a29531b0f463bfae00c4c63ee62f2d420c01

COCOAPODS: 1.5.0
